
Microsoft Visual Studio Solution File, Format Version 12.00
# Visual Studio 15
VisualStudioVersion = 15.0.27703.2035
MinimumVisualStudioVersion = 10.0.40219.1
Project("{2150E333-8FDC-42A3-9474-1A3956D46DE8}") = "src", "src", "{4D878B9F-9EDF-41B2-BCFB-42B0AF6CFC80}"
EndProject
Project("{2150E333-8FDC-42A3-9474-1A3956D46DE8}") = "tests", "tests", "{90B7E541-F034-4BA3-A09C-241CDFDCE3F4}"
EndProject
Project("{2150E333-8FDC-42A3-9474-1A3956D46DE8}") = "Solution Items", "Solution Items", "{5FD4110C-3593-405A-9881-70DAAB685F86}"
	ProjectSection(SolutionItems) = preProject
		.gitignore = .gitignore
		LICENSE = LICENSE
		README.md = README.md
	EndProjectSection
EndProject
Project("{FAE04EC0-301F-11D3-BF4B-00C04F79EFBC}") = "RecipeBook.API", "src\RecipeBook.API\RecipeBook.API.csproj", "{DE3202BF-1A5E-41BD-BF7C-A921355B02B5}"
EndProject
Project("{E53339B2-1760-4266-BCC7-CA923CBCF16C}") = "docker-compose", "docker-compose.dcproj", "{AC8D6AD0-D998-4E79-8B19-7BED5D90FF58}"
EndProject
Project("{FAE04EC0-301F-11D3-BF4B-00C04F79EFBC}") = "RecipeBook.Angular", "src\RecipeBook.Angular\RecipeBook.Angular.csproj", "{2354CB61-0EDE-4A28-8816-D8687A5ADFD5}"
EndProject
Global
	GlobalSection(SolutionConfigurationPlatforms) = preSolution
		Debug|Any CPU = Debug|Any CPU
		Release|Any CPU = Release|Any CPU
	EndGlobalSection
	GlobalSection(ProjectConfigurationPlatforms) = postSolution
		{DE3202BF-1A5E-41BD-BF7C-A921355B02B5}.Debug|Any CPU.ActiveCfg = Debug|Any CPU
		{DE3202BF-1A5E-41BD-BF7C-A921355B02B5}.Debug|Any CPU.Build.0 = Debug|Any CPU
		{DE3202BF-1A5E-41BD-BF7C-A921355B02B5}.Release|Any CPU.ActiveCfg = Release|Any CPU
		{DE3202BF-1A5E-41BD-BF7C-A921355B02B5}.Release|Any CPU.Build.0 = Release|Any CPU
		{AC8D6AD0-D998-4E79-8B19-7BED5D90FF58}.Debug|Any CPU.ActiveCfg = Debug|Any CPU
		{AC8D6AD0-D998-4E79-8B19-7BED5D90FF58}.Debug|Any CPU.Build.0 = Debug|Any CPU
		{AC8D6AD0-D998-4E79-8B19-7BED5D90FF58}.Release|Any CPU.ActiveCfg = Release|Any CPU
		{AC8D6AD0-D998-4E79-8B19-7BED5D90FF58}.Release|Any CPU.Build.0 = Release|Any CPU
		{2354CB61-0EDE-4A28-8816-D8687A5ADFD5}.Debug|Any CPU.ActiveCfg = Debug|Any CPU
		{2354CB61-0EDE-4A28-8816-D8687A5ADFD5}.Debug|Any CPU.Build.0 = Debug|Any CPU
		{2354CB61-0EDE-4A28-8816-D8687A5ADFD5}.Release|Any CPU.ActiveCfg = Release|Any CPU
		{2354CB61-0EDE-4A28-8816-D8687A5ADFD5}.Release|Any CPU.Build.0 = Release|Any CPU
	EndGlobalSection
	GlobalSection(SolutionProperties) = preSolution
		HideSolutionNode = FALSE
	EndGlobalSection
	GlobalSection(NestedProjects) = preSolution
		{DE3202BF-1A5E-41BD-BF7C-A921355B02B5} = {4D878B9F-9EDF-41B2-BCFB-42B0AF6CFC80}
		{2354CB61-0EDE-4A28-8816-D8687A5ADFD5} = {4D878B9F-9EDF-41B2-BCFB-42B0AF6CFC80}
	EndGlobalSection
	GlobalSection(ExtensibilityGlobals) = postSolution
		SolutionGuid = {55ED4823-A44E-4DE0-BA92-86F2FBABA83F}
	EndGlobalSection
EndGlobal
